
Microsoft Visual Studio Solution File, Format Version 12.00
# Visual Studio Version 17
VisualStudioVersion = 17.8.34330.188
MinimumVisualStudioVersion = 10.0.40219.1
Project("{FAE04EC0-301F-11D3-BF4B-00C04F79EFBC}") = "ProjReferenceAnalyzer.Console", "ProjReferenceAnalyzer.Console\ProjReferenceAnalyzer.Console.csproj", "{25910DBF-4A93-4283-ADA6-83A17A288FF3}"
EndProject
Project("{9A19103F-16F7-4668-BE54-9A1E7A4F7556}") = "ProjReferenceAnalyzer.Services", "ProjReferenceAnalyzer.Services\ProjReferenceAnalyzer.Services.csproj", "{235427A3-68CF-43B3-852E-067092D45896}"
EndProject
Project("{9A19103F-16F7-4668-BE54-9A1E7A4F7556}") = "ProjReferenceAnalyzer.Core", "ProjReferenceAnalyzer.Core\ProjReferenceAnalyzer.Core.csproj", "{3B6CD151-3DEE-4913-9CEC-8C36C8D3A763}"
EndProject
Project("{9A19103F-16F7-4668-BE54-9A1E7A4F7556}") = "ProjReferenceAnalyzer.Services.Tests", "ProjReferenceAnalyzer.Services.Tests\ProjReferenceAnalyzer.Services.Tests.csproj", "{A1C36660-C1E3-4913-BA8B-190A179100C0}"
EndProject
Project("{9A19103F-16F7-4668-BE54-9A1E7A4F7556}") = "ProjReferenceAnalyzer.Storage.LocalFileSystem", "ProjReferenceAnalyzer.Storage.LocalFileSystem\ProjReferenceAnalyzer.Storage.LocalFileSystem.csproj", "{562B37E9-1D23-4B38-B985-5CA166A9969E}"
EndProject
Project("{9A19103F-16F7-4668-BE54-9A1E7A4F7556}") = "ProjReferenceAnalyzer.SerializationFormat.Json", "ProjReferenceAnalyzer.SerializationFormat.Json\ProjReferenceAnalyzer.SerializationFormat.Json.csproj", "{4460DC7F-C3CF-45D0-B89A-EB2B1F617EB9}"
EndProject
Project("{FAE04EC0-301F-11D3-BF4B-00C04F79EFBC}") = "ProjReferenceAnalyzer.SerializationFormat.Dot", "ProjReferenceAnalyzer.SerializationFormat.Dot\ProjReferenceAnalyzer.SerializationFormat.Dot.csproj", "{6F05098D-FE92-47A4-86EE-F83A510E818B}"
EndProject
Project("{2150E333-8FDC-42A3-9474-1A3956D46DE8}") = "visjsfrontend", "visjsfrontend", "{C8D7BCB3-3BF9-4889-9738-75C7D0F81D37}"
	ProjectSection(SolutionItems) = preProject
		visjsfrontend\frontend.html = visjsfrontend\frontend.html
	EndProjectSection
EndProject
Global
	GlobalSection(SolutionConfigurationPlatforms) = preSolution
		Debug|Any CPU = Debug|Any CPU
		Release|Any CPU = Release|Any CPU
	EndGlobalSection
	GlobalSection(ProjectConfigurationPlatforms) = postSolution
		{25910DBF-4A93-4283-ADA6-83A17A288FF3}.Debug|Any CPU.ActiveCfg = Debug|Any CPU
		{25910DBF-4A93-4283-ADA6-83A17A288FF3}.Debug|Any CPU.Build.0 = Debug|Any CPU
		{25910DBF-4A93-4283-ADA6-83A17A288FF3}.Release|Any CPU.ActiveCfg = Release|Any CPU
		{25910DBF-4A93-4283-ADA6-83A17A288FF3}.Release|Any CPU.Build.0 = Release|Any CPU
		{235427A3-68CF-43B3-852E-067092D45896}.Debug|Any CPU.ActiveCfg = Debug|Any CPU
		{235427A3-68CF-43B3-852E-067092D45896}.Debug|Any CPU.Build.0 = Debug|Any CPU
		{235427A3-68CF-43B3-852E-067092D45896}.Release|Any CPU.ActiveCfg = Release|Any CPU
		{235427A3-68CF-43B3-852E-067092D45896}.Release|Any CPU.Build.0 = Release|Any CPU
		{3B6CD151-3DEE-4913-9CEC-8C36C8D3A763}.Debug|Any CPU.ActiveCfg = Debug|Any CPU
		{3B6CD151-3DEE-4913-9CEC-8C36C8D3A763}.Debug|Any CPU.Build.0 = Debug|Any CPU
		{3B6CD151-3DEE-4913-9CEC-8C36C8D3A763}.Release|Any CPU.ActiveCfg = Release|Any CPU
		{3B6CD151-3DEE-4913-9CEC-8C36C8D3A763}.Release|Any CPU.Build.0 = Release|Any CPU
		{A1C36660-C1E3-4913-BA8B-190A179100C0}.Debug|Any CPU.ActiveCfg = Debug|Any CPU
		{A1C36660-C1E3-4913-BA8B-190A179100C0}.Debug|Any CPU.Build.0 = Debug|Any CPU
		{A1C36660-C1E3-4913-BA8B-190A179100C0}.Release|Any CPU.ActiveCfg = Release|Any CPU
		{A1C36660-C1E3-4913-BA8B-190A179100C0}.Release|Any CPU.Build.0 = Release|Any CPU
		{562B37E9-1D23-4B38-B985-5CA166A9969E}.Debug|Any CPU.ActiveCfg = Debug|Any CPU
		{562B37E9-1D23-4B38-B985-5CA166A9969E}.Debug|Any CPU.Build.0 = Debug|Any CPU
		{562B37E9-1D23-4B38-B985-5CA166A9969E}.Release|Any CPU.ActiveCfg = Release|Any CPU
		{562B37E9-1D23-4B38-B985-5CA166A9969E}.Release|Any CPU.Build.0 = Release|Any CPU
		{4460DC7F-C3CF-45D0-B89A-EB2B1F617EB9}.Debug|Any CPU.ActiveCfg = Debug|Any CPU
		{4460DC7F-C3CF-45D0-B89A-EB2B1F617EB9}.Debug|Any CPU.Build.0 = Debug|Any CPU
		{4460DC7F-C3CF-45D0-B89A-EB2B1F617EB9}.Release|Any CPU.ActiveCfg = Release|Any CPU
		{4460DC7F-C3CF-45D0-B89A-EB2B1F617EB9}.Release|Any CPU.Build.0 = Release|Any CPU
		{6F05098D-FE92-47A4-86EE-F83A510E818B}.Debug|Any CPU.ActiveCfg = Debug|Any CPU
		{6F05098D-FE92-47A4-86EE-F83A510E818B}.Debug|Any CPU.Build.0 = Debug|Any CPU
		{6F05098D-FE92-47A4-86EE-F83A510E818B}.Release|Any CPU.ActiveCfg = Release|Any CPU
		{6F05098D-FE92-47A4-86EE-F83A510E818B}.Release|Any CPU.Build.0 = Release|Any CPU
	EndGlobalSection
	GlobalSection(SolutionProperties) = preSolution
		HideSolutionNode = FALSE
	EndGlobalSection
	GlobalSection(ExtensibilityGlobals) = postSolution
		SolutionGuid = {455A9555-8AC7-4F57-8DFE-CBCCDEFDC668}
	EndGlobalSection
EndGlobal
